{
  "name": "lefthook-bug",
  "version": "1.0.0",
  "lockfileVersion": 3,
  "requires": true,
  "packages": {
    "": {
      "name": "lefthook-bug",
      "version": "1.0.0",
      "license": "ISC",
      "dependencies": {
        "prettier": "^2.8.8"
      },
      "devDependencies": {
        "lefthook": "^1.4.2"
      }
    },
    "node_modules/lefthook": {
      "version": "1.4.2",
      "resolved": "https://registry.npmjs.org/lefthook/-/lefthook-1.4.2.tgz",
      "integrity": "sha512-T7fvI7WXEZGUcaeuLckAzL5EURi6x5fkoBYjeiJ1u2ix2/A4Xjlca/lGQzgrqVWyCaHKeW5QkhR2tXwiubuLlw==",
      "dev": true,
      "hasInstallScript": true,
      "bin": {
        "lefthook": "bin/index.js"
      },
      "optionalDependencies": {
        "lefthook-darwin-arm64": "1.4.2",
        "lefthook-darwin-x64": "1.4.2",
        "lefthook-freebsd-arm64": "1.4.2",
        "lefthook-freebsd-x64": "1.4.2",
        "lefthook-linux-arm64": "1.4.2",
        "lefthook-linux-x64": "1.4.2",
        "lefthook-windows-arm64": "1.4.2",
        "lefthook-windows-x64": "1.4.2"
      }
    },
    "node_modules/lefthook-darwin-arm64": {
      "version": "1.4.2",
      "resolved": "https://registry.npmjs.org/lefthook-darwin-arm64/-/lefthook-darwin-arm64-1.4.2.tgz",
      "integrity": "sha512-1tyNoHbjIuGa3xWWoMwaX5cF3EjRYCZSomMDPiHnIom1dxa/p3nSaF0thJSnQRlXNddsisH+t6vWOmccgukCWA==",
      "cpu": [
        "arm64"
      ],
      "dev": true,
      "optional": true,
      "os": [
        "darwin"
      ]
    },
    "node_modules/lefthook-darwin-x64": {
      "version": "1.4.2",
      "resolved": "https://registry.npmjs.org/lefthook-darwin-x64/-/lefthook-darwin-x64-1.4.2.tgz",
      "integrity": "sha512-+CcLTMvNTOdP2E7qHnAiSn1xtNeMLbhykyJOe/7Dd5beAv4BZ94ZnuoH74RIgyBALeZxpUeOdwJNI3Nc8Pg6+A==",
      "cpu": [
        "x64"
      ],
      "dev": true,
      "optional": true,
      "os": [
        "darwin"
      ]
    },
    "node_modules/lefthook-freebsd-arm64": {
      "version": "1.4.2",
      "resolved": "https://registry.npmjs.org/lefthook-freebsd-arm64/-/lefthook-freebsd-arm64-1.4.2.tgz",
      "integrity": "sha512-uT0PR66ZEMzaFco+eTn/3jYzf47vt0UQM6u5eWPdYoUQTbYavvpsecyGw6YyhIaIYVOwbK8Gaf2YVJMvZFEyLA==",
      "cpu": [
        "arm64"
      ],
      "dev": true,
      "optional": true,
      "os": [
        "freebsd"
      ]
    },
    "node_modules/lefthook-freebsd-x64": {
      "version": "1.4.2",
      "resolved": "https://registry.npmjs.org/lefthook-freebsd-x64/-/lefthook-freebsd-x64-1.4.2.tgz",
      "integrity": "sha512-4FaBXxenytECD1R3qM/VTVSqp7E3mlKBtm5dDVGXNMBIsTXiEP/qkuk3nteIUnhgjQv0Ma23V0v7KTmNlo1oXA==",
      "cpu": [
        "x64"
      ],
      "dev": true,
      "optional": true,
      "os": [
        "freebsd"
      ]
    },
    "node_modules/lefthook-linux-arm64": {
      "version": "1.4.2",
      "resolved": "https://registry.npmjs.org/lefthook-linux-arm64/-/lefthook-linux-arm64-1.4.2.tgz",
      "integrity": "sha512-RzI1j6LPW1y4dqrVSBv/B/Sipa9Bp9LP0TB9BRB0CmxIqerFe90x9wVp3vAAkodGHv/B7Xa5f1OAibwkSbtTkw==",
      "cpu": [
        "arm64"
      ],
      "dev": true,
      "optional": true,
      "os": [
        "linux"
      ]
    },
    "node_modules/lefthook-linux-x64": {
      "version": "1.4.2",
      "resolved": "https://registry.npmjs.org/lefthook-linux-x64/-/lefthook-linux-x64-1.4.2.tgz",
      "integrity": "sha512-huBfLsIPVfdU0jPnGCvJ4e39JdkXKsbb0Dr+fzAhLNhcg6Touo6y/pwDbW5zfeN2hu0EdhzT0p0a28FGsV9dEQ==",
      "cpu": [
        "x64"
      ],
      "dev": true,
      "optional": true,
      "os": [
        "linux"
      ]
    },
    "node_modules/lefthook-windows-arm64": {
      "version": "1.4.2",
      "resolved": "https://registry.npmjs.org/lefthook-windows-arm64/-/lefthook-windows-arm64-1.4.2.tgz",
      "integrity": "sha512-vzx6jbyLkAncE7UB3IB9HJqoFFZpGaxnp6zVimvDDOUSAOLKgbF+jJHgXlX8j6kzs/rZAoYmA0oR48dpUcUNQw==",
      "cpu": [
        "arm64"
      ],
      "dev": true,
      "optional": true,
      "os": [
        "win32"
      ]
    },
    "node_modules/lefthook-windows-x64": {
      "version": "1.4.2",
      "resolved": "https://registry.npmjs.org/lefthook-windows-x64/-/lefthook-windows-x64-1.4.2.tgz",
      "integrity": "sha512-sXTlvUITYzBIpNwlQO6Oa8nIB9GV4cUPmf6wdyPn1dv/1qa1+0ROgeROJzLYj2v+NtiJ2aIHTjaOXiBeoZCISA==",
      "cpu": [
        "x64"
      ],
      "dev": true,
      "optional": true,
      "os": [
        "win32"
      ]
    },
    "node_modules/prettier": {
      "version": "2.8.8",
      "resolved": "https://registry.npmjs.org/prettier/-/prettier-2.8.8.tgz",
      "integrity": "sha512-tdN8qQGvNjw4CHbY+XXk0JgCXn9QiF21a55rBe5LJAU+kDyC4WQn4+awm2Xfk2lQMk5fKup9XgzTZtGkjBdP9Q==",
      "bin": {
        "prettier": "bin-prettier.js"
      },
      "engines": {
        "node": ">=10.13.0"
      },
      "funding": {
        "url": "https://github.com/prettier/prettier?sponsor=1"
      }
    }
  }
}
